
Microsoft Visual Studio Solution File, Format Version 12.00
# Visual Studio Version 17
VisualStudioVersion = 17.9.34622.214
MinimumVisualStudioVersion = 10.0.40219.1
Project("{FAE04EC0-301F-11D3-BF4B-00C04F79EFBC}") = "taskEncapsulation", "taskEncapsulation\taskEncapsulation.csproj", "{5369E2BC-E67D-4B4D-B96A-1CF2A60709F8}"
EndProject
Global
	GlobalSection(SolutionConfigurationPlatforms) = preSolution
		Debug|Any CPU = Debug|Any CPU
		Release|Any CPU = Release|Any CPU
	EndGlobalSection
	GlobalSection(ProjectConfigurationPlatforms) = postSolution
		{5369E2BC-E67D-4B4D-B96A-1CF2A60709F8}.Debug|Any CPU.ActiveCfg = Debug|Any CPU
		{5369E2BC-E67D-4B4D-B96A-1CF2A60709F8}.Debug|Any CPU.Build.0 = Debug|Any CPU
		{5369E2BC-E67D-4B4D-B96A-1CF2A60709F8}.Release|Any CPU.ActiveCfg = Release|Any CPU
		{5369E2BC-E67D-4B4D-B96A-1CF2A60709F8}.Release|Any CPU.Build.0 = Release|Any CPU
	EndGlobalSection
	GlobalSection(SolutionProperties) = preSolution
		HideSolutionNode = FALSE
	EndGlobalSection
	GlobalSection(ExtensibilityGlobals) = postSolution
		SolutionGuid = {604505AA-7539-435F-9534-A2CA30DC9765}
	EndGlobalSection
EndGlobal
